
Microsoft Visual Studio Solution File, Format Version 12.00
# Visual Studio Version 17
VisualStudioVersion = 17.9.34622.214
MinimumVisualStudioVersion = 10.0.40219.1
Project("{9A19103F-16F7-4668-BE54-9A1E7A4F7556}") = "NeuralNets", "NeuralNets.csproj", "{71EC3EDA-39C6-4C15-8EFD-EEEF0FA9FFE8}"
EndProject
Project("{9A19103F-16F7-4668-BE54-9A1E7A4F7556}") = "MnistReader_ANN", "..\MnistReader_ANN\MnistReader_ANN.csproj", "{451ADD25-A42E-4F60-B11B-56CF70FA2DCA}"
EndProject
Project("{9A19103F-16F7-4668-BE54-9A1E7A4F7556}") = "NeuralNetsTests", "..\NeuralNetsTests\NeuralNetsTests.csproj", "{AEFFAF22-62FF-4C61-A9DC-92415E9A194A}"
EndProject
Project("{9A19103F-16F7-4668-BE54-9A1E7A4F7556}") = "AnnHarness", "..\AnnHarness\AnnHarness.csproj", "{2D23694E-999C-40C2-AAF5-1068A9D607B0}"
EndProject
Project("{9A19103F-16F7-4668-BE54-9A1E7A4F7556}") = "MatrixLibrary", "..\IntrinsicMatrix\MatrixLibrary.csproj", "{FDE8E5F5-80A5-48F7-B086-89DC968CEEE3}"
EndProject
Project("{9A19103F-16F7-4668-BE54-9A1E7A4F7556}") = "BenchmarkHarness", "..\BenchmarkHarness\BenchmarkHarness.csproj", "{3266962C-5CBD-4CEF-84EC-92573B800144}"
EndProject
Project("{FAE04EC0-301F-11D3-BF4B-00C04F79EFBC}") = "SharpTorch", "..\SharpTorch\SharpTorch.csproj", "{39F4F47F-969F-4E92-A400-4B269F681480}"
EndProject
Global
	GlobalSection(SolutionConfigurationPlatforms) = preSolution
		Debug|Any CPU = Debug|Any CPU
		Release|Any CPU = Release|Any CPU
	EndGlobalSection
	GlobalSection(ProjectConfigurationPlatforms) = postSolution
		{71EC3EDA-39C6-4C15-8EFD-EEEF0FA9FFE8}.Debug|Any CPU.ActiveCfg = Debug|Any CPU
		{71EC3EDA-39C6-4C15-8EFD-EEEF0FA9FFE8}.Debug|Any CPU.Build.0 = Debug|Any CPU
		{71EC3EDA-39C6-4C15-8EFD-EEEF0FA9FFE8}.Release|Any CPU.ActiveCfg = Release|Any CPU
		{71EC3EDA-39C6-4C15-8EFD-EEEF0FA9FFE8}.Release|Any CPU.Build.0 = Release|Any CPU
		{451ADD25-A42E-4F60-B11B-56CF70FA2DCA}.Debug|Any CPU.ActiveCfg = Debug|Any CPU
		{451ADD25-A42E-4F60-B11B-56CF70FA2DCA}.Debug|Any CPU.Build.0 = Debug|Any CPU
		{451ADD25-A42E-4F60-B11B-56CF70FA2DCA}.Release|Any CPU.ActiveCfg = Release|Any CPU
		{451ADD25-A42E-4F60-B11B-56CF70FA2DCA}.Release|Any CPU.Build.0 = Release|Any CPU
		{AEFFAF22-62FF-4C61-A9DC-92415E9A194A}.Debug|Any CPU.ActiveCfg = Debug|Any CPU
		{AEFFAF22-62FF-4C61-A9DC-92415E9A194A}.Debug|Any CPU.Build.0 = Debug|Any CPU
		{AEFFAF22-62FF-4C61-A9DC-92415E9A194A}.Release|Any CPU.ActiveCfg = Release|Any CPU
		{AEFFAF22-62FF-4C61-A9DC-92415E9A194A}.Release|Any CPU.Build.0 = Release|Any CPU
		{2D23694E-999C-40C2-AAF5-1068A9D607B0}.Debug|Any CPU.ActiveCfg = Debug|Any CPU
		{2D23694E-999C-40C2-AAF5-1068A9D607B0}.Debug|Any CPU.Build.0 = Debug|Any CPU
		{2D23694E-999C-40C2-AAF5-1068A9D607B0}.Release|Any CPU.ActiveCfg = Release|Any CPU
		{2D23694E-999C-40C2-AAF5-1068A9D607B0}.Release|Any CPU.Build.0 = Release|Any CPU
		{FDE8E5F5-80A5-48F7-B086-89DC968CEEE3}.Debug|Any CPU.ActiveCfg = Debug|Any CPU
		{FDE8E5F5-80A5-48F7-B086-89DC968CEEE3}.Debug|Any CPU.Build.0 = Debug|Any CPU
		{FDE8E5F5-80A5-48F7-B086-89DC968CEEE3}.Release|Any CPU.ActiveCfg = Release|Any CPU
		{FDE8E5F5-80A5-48F7-B086-89DC968CEEE3}.Release|Any CPU.Build.0 = Release|Any CPU
		{3266962C-5CBD-4CEF-84EC-92573B800144}.Debug|Any CPU.ActiveCfg = Debug|Any CPU
		{3266962C-5CBD-4CEF-84EC-92573B800144}.Debug|Any CPU.Build.0 = Debug|Any CPU
		{3266962C-5CBD-4CEF-84EC-92573B800144}.Release|Any CPU.ActiveCfg = Release|Any CPU
		{3266962C-5CBD-4CEF-84EC-92573B800144}.Release|Any CPU.Build.0 = Release|Any CPU
		{39F4F47F-969F-4E92-A400-4B269F681480}.Debug|Any CPU.ActiveCfg = Debug|Any CPU
		{39F4F47F-969F-4E92-A400-4B269F681480}.Debug|Any CPU.Build.0 = Debug|Any CPU
		{39F4F47F-969F-4E92-A400-4B269F681480}.Release|Any CPU.ActiveCfg = Release|Any CPU
		{39F4F47F-969F-4E92-A400-4B269F681480}.Release|Any CPU.Build.0 = Release|Any CPU
	EndGlobalSection
	GlobalSection(SolutionProperties) = preSolution
		HideSolutionNode = FALSE
	EndGlobalSection
	GlobalSection(ExtensibilityGlobals) = postSolution
		SolutionGuid = {017007EB-8837-4EE3-A53F-6381BEFB0A6F}
	EndGlobalSection
EndGlobal
